// !$*UTF8*$!
{
	archiveVersion = 1;
	classes = {
	};
	objectVersion = 50;
	objects = {

/* Begin PBXBuildFile section */
		1E173640227A39FB00B66AAF /* JavaCode.swift in Sources */ = {isa = PBXBuildFile; fileRef = 1E17363F227A39FB00B66AAF /* JavaCode.swift */; };
		1E173642227B431500B66AAF /* JavaElse.swift in Sources */ = {isa = PBXBuildFile; fileRef = 1E173641227B431500B66AAF /* JavaElse.swift */; };
		1E173644227B431E00B66AAF /* JavaElseIf.swift in Sources */ = {isa = PBXBuildFile; fileRef = 1E173643227B431E00B66AAF /* JavaElseIf.swift */; };
		1E173646227B6A6300B66AAF /* JavaPrint.swift in Sources */ = {isa = PBXBuildFile; fileRef = 1E173645227B6A6300B66AAF /* JavaPrint.swift */; };
		1E424A29226CD7FF00AFA493 /* AppDelegate.swift in Sources */ = {isa = PBXBuildFile; fileRef = 1E424A28226CD7FF00AFA493 /* AppDelegate.swift */; };
		1E424A2B226CD7FF00AFA493 /* ViewController.swift in Sources */ = {isa = PBXBuildFile; fileRef = 1E424A2A226CD7FF00AFA493 /* ViewController.swift */; };
		1E424A2E226CD7FF00AFA493 /* Main.storyboard in Resources */ = {isa = PBXBuildFile; fileRef = 1E424A2C226CD7FF00AFA493 /* Main.storyboard */; };
		1E424A30226CD80000AFA493 /* Assets.xcassets in Resources */ = {isa = PBXBuildFile; fileRef = 1E424A2F226CD80000AFA493 /* Assets.xcassets */; };
		1E424A33226CD80000AFA493 /* LaunchScreen.storyboard in Resources */ = {isa = PBXBuildFile; fileRef = 1E424A31226CD80000AFA493 /* LaunchScreen.storyboard */; };
		1E424A3B226CDA0F00AFA493 /* JavaClass.swift in Sources */ = {isa = PBXBuildFile; fileRef = 1E424A3A226CDA0F00AFA493 /* JavaClass.swift */; };
		1E424A3D226CDB8500AFA493 /* JavaMethod.swift in Sources */ = {isa = PBXBuildFile; fileRef = 1E424A3C226CDB8500AFA493 /* JavaMethod.swift */; };
		1E424A3F226CDC4500AFA493 /* JavaVariable.swift in Sources */ = {isa = PBXBuildFile; fileRef = 1E424A3E226CDC4500AFA493 /* JavaVariable.swift */; };
		1E86B02C227398DC00028E78 /* JavaExpression.swift in Sources */ = {isa = PBXBuildFile; fileRef = 1E86B02B227398DC00028E78 /* JavaExpression.swift */; };
		1E9BA1302278A736005BB417 /* SpeechProcessor.swift in Sources */ = {isa = PBXBuildFile; fileRef = 1E9BA12F2278A736005BB417 /* SpeechProcessor.swift */; };
		1E9BA1322278AE19005BB417 /* JavaState.swift in Sources */ = {isa = PBXBuildFile; fileRef = 1E9BA1312278AE19005BB417 /* JavaState.swift */; };
		1E9BA1342278B05F005BB417 /* JavaIf.swift in Sources */ = {isa = PBXBuildFile; fileRef = 1E9BA1332278B05F005BB417 /* JavaIf.swift */; };
		1E9BA1362278B08F005BB417 /* JavaFor.swift in Sources */ = {isa = PBXBuildFile; fileRef = 1E9BA1352278B08F005BB417 /* JavaFor.swift */; };
		1E9BA1382278B09D005BB417 /* JavaWhile.swift in Sources */ = {isa = PBXBuildFile; fileRef = 1E9BA1372278B09D005BB417 /* JavaWhile.swift */; };
		1E9BA13A2278B0B9005BB417 /* JavaExpVariables.swift in Sources */ = {isa = PBXBuildFile; fileRef = 1E9BA1392278B0B9005BB417 /* JavaExpVariables.swift */; };
		1E9BA13C2278B0D0005BB417 /* JavaReturn.swift in Sources */ = {isa = PBXBuildFile; fileRef = 1E9BA13B2278B0D0005BB417 /* JavaReturn.swift */; };
		BFE34F352270062800A046B0 /* Strings.swift in Sources */ = {isa = PBXBuildFile; fileRef = BFE34F342270062800A046B0 /* Strings.swift */; };
/* End PBXBuildFile section */

/* Begin PBXFileReference section */
		1E17363F227A39FB00B66AAF /* JavaCode.swift */ = {isa = PBXFileReference; lastKnownFileType = sourcecode.swift; path = JavaCode.swift; sourceTree = "<group>"; };
		1E173641227B431500B66AAF /* JavaElse.swift */ = {isa = PBXFileReference; lastKnownFileType = sourcecode.swift; path = JavaElse.swift; sourceTree = "<group>"; };
		1E173643227B431E00B66AAF /* JavaElseIf.swift */ = {isa = PBXFileReference; lastKnownFileType = sourcecode.swift; path = JavaElseIf.swift; sourceTree = "<group>"; };
		1E173645227B6A6300B66AAF /* JavaPrint.swift */ = {isa = PBXFileReference; lastKnownFileType = sourcecode.swift; path = JavaPrint.swift; sourceTree = "<group>"; };
		1E424A25226CD7FF00AFA493 /* textToCode.app */ = {isa = PBXFileReference; explicitFileType = wrapper.application; includeInIndex = 0; path = textToCode.app; sourceTree = BUILT_PRODUCTS_DIR; };
		1E424A28226CD7FF00AFA493 /* AppDelegate.swift */ = {isa = PBXFileReference; lastKnownFileType = sourcecode.swift; path = AppDelegate.swift; sourceTree = "<group>"; };
		1E424A2A226CD7FF00AFA493 /* ViewController.swift */ = {isa = PBXFileReference; lastKnownFileType = sourcecode.swift; path = ViewController.swift; sourceTree = "<group>"; };
		1E424A2D226CD7FF00AFA493 /* Base */ = {isa = PBXFileReference; lastKnownFileType = file.storyboard; name = Base; path = Base.lproj/Main.storyboard; sourceTree = "<group>"; };
		1E424A2F226CD80000AFA493 /* Assets.xcassets */ = {isa = PBXFileReference; lastKnownFileType = folder.assetcatalog; path = Assets.xcassets; sourceTree = "<group>"; };
		1E424A32226CD80000AFA493 /* Base */ = {isa = PBXFileReference; lastKnownFileType = file.storyboard; name = Base; path = Base.lproj/LaunchScreen.storyboard; sourceTree = "<group>"; };
		1E424A34226CD80000AFA493 /* Info.plist */ = {isa = PBXFileReference; lastKnownFileType = text.plist.xml; path = Info.plist; sourceTree = "<group>"; };
		1E424A3A226CDA0F00AFA493 /* JavaClass.swift */ = {isa = PBXFileReference; lastKnownFileType = sourcecode.swift; path = JavaClass.swift; sourceTree = "<group>"; };
		1E424A3C226CDB8500AFA493 /* JavaMethod.swift */ = {isa = PBXFileReference; lastKnownFileType = sourcecode.swift; path = JavaMethod.swift; sourceTree = "<group>"; };
		1E424A3E226CDC4500AFA493 /* JavaVariable.swift */ = {isa = PBXFileReference; lastKnownFileType = sourcecode.swift; path = JavaVariable.swift; sourceTree = "<group>"; };
		1E86B02B227398DC00028E78 /* JavaExpression.swift */ = {isa = PBXFileReference; lastKnownFileType = sourcecode.swift; path = JavaExpression.swift; sourceTree = "<group>"; };
		1E9BA12F2278A736005BB417 /* SpeechProcessor.swift */ = {isa = PBXFileReference; lastKnownFileType = sourcecode.swift; path = SpeechProcessor.swift; sourceTree = "<group>"; };
		1E9BA1312278AE19005BB417 /* JavaState.swift */ = {isa = PBXFileReference; lastKnownFileType = sourcecode.swift; path = JavaState.swift; sourceTree = "<group>"; };
		1E9BA1332278B05F005BB417 /* JavaIf.swift */ = {isa = PBXFileReference; lastKnownFileType = sourcecode.swift; path = JavaIf.swift; sourceTree = "<group>"; };
		1E9BA1352278B08F005BB417 /* JavaFor.swift */ = {isa = PBXFileReference; lastKnownFileType = sourcecode.swift; path = JavaFor.swift; sourceTree = "<group>"; };
		1E9BA1372278B09D005BB417 /* JavaWhile.swift */ = {isa = PBXFileReference; lastKnownFileType = sourcecode.swift; path = JavaWhile.swift; sourceTree = "<group>"; };
		1E9BA1392278B0B9005BB417 /* JavaExpVariables.swift */ = {isa = PBXFileReference; lastKnownFileType = sourcecode.swift; path = JavaExpVariables.swift; sourceTree = "<group>"; };
		1E9BA13B2278B0D0005BB417 /* JavaReturn.swift */ = {isa = PBXFileReference; lastKnownFileType = sourcecode.swift; path = JavaReturn.swift; sourceTree = "<group>"; };
		BFE34F342270062800A046B0 /* Strings.swift */ = {isa = PBXFileReference; lastKnownFileType = sourcecode.swift; path = Strings.swift; sourceTree = "<group>"; };
/* End PBXFileReference section */

/* Begin PBXFrameworksBuildPhase section */
		1E424A22226CD7FF00AFA493 /* Frameworks */ = {
			isa = PBXFrameworksBuildPhase;
			buildActionMask = 2147483647;
			files = (
			);
			runOnlyForDeploymentPostprocessing = 0;
		};
/* End PBXFrameworksBuildPhase section */

/* Begin PBXGroup section */
		1E424A1C226CD7FF00AFA493 = {
			isa = PBXGroup;
			children = (
				1E424A27226CD7FF00AFA493 /* textToCode */,
				1E424A26226CD7FF00AFA493 /* Products */,
			);
			sourceTree = "<group>";
		};
		1E424A26226CD7FF00AFA493 /* Products */ = {
			isa = PBXGroup;
			children = (
				1E424A25226CD7FF00AFA493 /* textToCode.app */,
			);
			name = Products;
			sourceTree = "<group>";
		};
		1E424A27226CD7FF00AFA493 /* textToCode */ = {
			isa = PBXGroup;
			children = (
				BFE34F342270062800A046B0 /* Strings.swift */,
				1E424A28226CD7FF00AFA493 /* AppDelegate.swift */,
				1E424A2A226CD7FF00AFA493 /* ViewController.swift */,
				1E424A2C226CD7FF00AFA493 /* Main.storyboard */,
				1E424A2F226CD80000AFA493 /* Assets.xcassets */,
				1E424A31226CD80000AFA493 /* LaunchScreen.storyboard */,
				1E424A34226CD80000AFA493 /* Info.plist */,
				1E9BA12F2278A736005BB417 /* SpeechProcessor.swift */,
				1E9BA1312278AE19005BB417 /* JavaState.swift */,
				1E424A3A226CDA0F00AFA493 /* JavaClass.swift */,
				1E424A3C226CDB8500AFA493 /* JavaMethod.swift */,
				1E424A3E226CDC4500AFA493 /* JavaVariable.swift */,
				1E86B02B227398DC00028E78 /* JavaExpression.swift */,
				1E9BA1332278B05F005BB417 /* JavaIf.swift */,
				1E173643227B431E00B66AAF /* JavaElseIf.swift */,
				1E173641227B431500B66AAF /* JavaElse.swift */,
				1E9BA1352278B08F005BB417 /* JavaFor.swift */,
				1E9BA1372278B09D005BB417 /* JavaWhile.swift */,
				1E9BA1392278B0B9005BB417 /* JavaExpVariables.swift */,
				1E17363F227A39FB00B66AAF /* JavaCode.swift */,
				1E9BA13B2278B0D0005BB417 /* JavaReturn.swift */,
				1E173645227B6A6300B66AAF /* JavaPrint.swift */,
			);
			path = textToCode;
			sourceTree = "<group>";
		};
/* End PBXGroup section */

/* Begin PBXNativeTarget section */
		1E424A24226CD7FF00AFA493 /* textToCode */ = {
			isa = PBXNativeTarget;
			buildConfigurationList = 1E424A37226CD80000AFA493 /* Build configuration list for PBXNativeTarget "textToCode" */;
			buildPhases = (
				1E424A21226CD7FF00AFA493 /* Sources */,
				1E424A22226CD7FF00AFA493 /* Frameworks */,
				1E424A23226CD7FF00AFA493 /* Resources */,
			);
			buildRules = (
			);
			dependencies = (
			);
			name = textToCode;
			productName = textToCode;
			productReference = 1E424A25226CD7FF00AFA493 /* textToCode.app */;
			productType = "com.apple.product-type.application";
		};
/* End PBXNativeTarget section */

/* Begin PBXProject section */
		1E424A1D226CD7FF00AFA493 /* Project object */ = {
			isa = PBXProject;
			attributes = {
				LastSwiftUpdateCheck = 1010;
				LastUpgradeCheck = 1010;
				ORGANIZATIONNAME = "Michael Smith";
				TargetAttributes = {
					1E424A24226CD7FF00AFA493 = {
						CreatedOnToolsVersion = 10.1;
					};
				};
			};
			buildConfigurationList = 1E424A20226CD7FF00AFA493 /* Build configuration list for PBXProject "textToCode" */;
			compatibilityVersion = "Xcode 9.3";
			developmentRegion = en;
			hasScannedForEncodings = 0;
			knownRegions = (
				en,
				Base,
			);
			mainGroup = 1E424A1C226CD7FF00AFA493;
			productRefGroup = 1E424A26226CD7FF00AFA493 /* Products */;
			projectDirPath = "";
			projectRoot = "";
			targets = (
				1E424A24226CD7FF00AFA493 /* textToCode */,
			);
		};
/* End PBXProject section */

/* Begin PBXResourcesBuildPhase section */
		1E424A23226CD7FF00AFA493 /* Resources */ = {
			isa = PBXResourcesBuildPhase;
			buildActionMask = 2147483647;
			files = (
				1E424A33226CD80000AFA493 /* LaunchScreen.storyboard in Resources */,
				1E424A30226CD80000AFA493 /* Assets.xcassets in Resources */,
				1E424A2E226CD7FF00AFA493 /* Main.storyboard in Resources */,
			);
			runOnlyForDeploymentPostprocessing = 0;
		};
/* End PBXResourcesBuildPhase section */

/* Begin PBXSourcesBuildPhase section */
		1E424A21226CD7FF00AFA493 /* Sources */ = {
			isa = PBXSourcesBuildPhase;
			buildActionMask = 2147483647;
			files = (
				1E9BA1342278B05F005BB417 /* JavaIf.swift in Sources */,
				1E424A2B226CD7FF00AFA493 /* ViewController.swift in Sources */,
				1E86B02C227398DC00028E78 /* JavaExpression.swift in Sources */,
				1E9BA1322278AE19005BB417 /* JavaState.swift in Sources */,
				1E173642227B431500B66AAF /* JavaElse.swift in Sources */,
				1E173644227B431E00B66AAF /* JavaElseIf.swift in Sources */,
				1E424A3B226CDA0F00AFA493 /* JavaClass.swift in Sources */,
				1E9BA1382278B09D005BB417 /* JavaWhile.swift in Sources */,
				1E173640227A39FB00B66AAF /* JavaCode.swift in Sources */,
				1E9BA13A2278B0B9005BB417 /* JavaExpVariables.swift in Sources */,
				1E424A3F226CDC4500AFA493 /* JavaVariable.swift in Sources */,
				1E424A3D226CDB8500AFA493 /* JavaMethod.swift in Sources */,
				1E9BA13C2278B0D0005BB417 /* JavaReturn.swift in Sources */,
				1E9BA1362278B08F005BB417 /* JavaFor.swift in Sources */,
				BFE34F352270062800A046B0 /* Strings.swift in Sources */,
				1E173646227B6A6300B66AAF /* JavaPrint.swift in Sources */,
				1E9BA1302278A736005BB417 /* SpeechProcessor.swift in Sources */,
				1E424A29226CD7FF00AFA493 /* AppDelegate.swift in Sources */,
			);
			runOnlyForDeploymentPostprocessing = 0;
		};
/* End PBXSourcesBuildPhase section */

/* Begin PBXVariantGroup section */
		1E424A2C226CD7FF00AFA493 /* Main.storyboard */ = {
			isa = PBXVariantGroup;
			children = (
				1E424A2D226CD7FF00AFA493 /* Base */,
			);
			name = Main.storyboard;
			sourceTree = "<group>";
		};
		1E424A31226CD80000AFA493 /* LaunchScreen.storyboard */ = {
			isa = PBXVariantGroup;
			children = (
				1E424A32226CD80000AFA493 /* Base */,
			);
			name = LaunchScreen.storyboard;
			sourceTree = "<group>";
		};
/* End PBXVariantGroup section */

/* Begin XCBuildConfiguration section */
		1E424A35226CD80000AFA493 /* Debug */ = {
			isa = XCBuildConfiguration;
			buildSettings = {
				ALWAYS_SEARCH_USER_PATHS = NO;
				CLANG_ANALYZER_NONNULL = YES;
				CLANG_ANALYZER_NUMBER_OBJECT_CONVERSION = YES_AGGRESSIVE;
				CLANG_CXX_LANGUAGE_STANDARD = "gnu++14";
				CLANG_CXX_LIBRARY = "libc++";
				CLANG_ENABLE_MODULES = YES;
				CLANG_ENABLE_OBJC_ARC = YES;
				CLANG_ENABLE_OBJC_WEAK = YES;
				CLANG_WARN_BLOCK_CAPTURE_AUTORELEASING = YES;
				CLANG_WARN_BOOL_CONVERSION = YES;
				CLANG_WARN_COMMA = YES;
				CLANG_WARN_CONSTANT_CONVERSION = YES;
				CLANG_WARN_DEPRECATED_OBJC_IMPLEMENTATIONS = YES;
				CLANG_WARN_DIRECT_OBJC_ISA_USAGE = YES_ERROR;
				CLANG_WARN_DOCUMENTATION_COMMENTS = YES;
				CLANG_WARN_EMPTY_BODY = YES;
				CLANG_WARN_ENUM_CONVERSION = YES;
				CLANG_WARN_INFINITE_RECURSION = YES;
				CLANG_WARN_INT_CONVERSION = YES;
				CLANG_WARN_NON_LITERAL_NULL_CONVERSION = YES;
				CLANG_WARN_OBJC_IMPLICIT_RETAIN_SELF = YES;
				CLANG_WARN_OBJC_LITERAL_CONVERSION = YES;
				CLANG_WARN_OBJC_ROOT_CLASS = YES_ERROR;
				CLANG_WARN_RANGE_LOOP_ANALYSIS = YES;
				CLANG_WARN_STRICT_PROTOTYPES = YES;
				CLANG_WARN_SUSPICIOUS_MOVE = YES;
				CLANG_WARN_UNGUARDED_AVAILABILITY = YES_AGGRESSIVE;
				CLANG_WARN_UNREACHABLE_CODE = YES;
				CLANG_WARN__DUPLICATE_METHOD_MATCH = YES;
				CODE_SIGN_IDENTITY = "iPhone Developer";
				COPY_PHASE_STRIP = NO;
				DEBUG_INFORMATION_FORMAT = dwarf;
				ENABLE_STRICT_OBJC_MSGSEND = YES;
				ENABLE_TESTABILITY = YES;
				GCC_C_LANGUAGE_STANDARD = gnu11;
				GCC_DYNAMIC_NO_PIC = NO;
				GCC_NO_COMMON_BLOCKS = YES;
				GCC_OPTIMIZATION_LEVEL = 0;
				GCC_PREPROCESSOR_DEFINITIONS = (
					"DEBUG=1",
					"$(inherited)",
				);
				GCC_WARN_64_TO_32_BIT_CONVERSION = YES;
				GCC_WARN_ABOUT_RETURN_TYPE = YES_ERROR;
				GCC_WARN_UNDECLARED_SELECTOR = YES;
				GCC_WARN_UNINITIALIZED_AUTOS = YES_AGGRESSIVE;
				GCC_WARN_UNUSED_FUNCTION = YES;
				GCC_WARN_UNUSED_VARIABLE = YES;
				IPHONEOS_DEPLOYMENT_TARGET = 12.1;
				MTL_ENABLE_DEBUG_INFO = INCLUDE_SOURCE;
				MTL_FAST_MATH = YES;
				ONLY_ACTIVE_ARCH = YES;
				SDKROOT = iphoneos;
				SWIFT_ACTIVE_COMPILATION_CONDITIONS = DEBUG;
				SWIFT_OPTIMIZATION_LEVEL = "-Onone";
			};
			name = Debug;
		};
		1E424A36226CD80000AFA493 /* Release */ = {
			isa = XCBuildConfiguration;
			buildSettings = {
				ALWAYS_SEARCH_USER_PATHS = NO;
				CLANG_ANALYZER_NONNULL = YES;
				CLANG_ANALYZER_NUMBER_OBJECT_CONVERSION = YES_AGGRESSIVE;
				CLANG_CXX_LANGUAGE_STANDARD = "gnu++14";
				CLANG_CXX_LIBRARY = "libc++";
				CLANG_ENABLE_MODULES = YES;
				CLANG_ENABLE_OBJC_ARC = YES;
				CLANG_ENABLE_OBJC_WEAK = YES;
				CLANG_WARN_BLOCK_CAPTURE_AUTORELEASING = YES;
				CLANG_WARN_BOOL_CONVERSION = YES;
				CLANG_WARN_COMMA = YES;
				CLANG_WARN_CONSTANT_CONVERSION = YES;
				CLANG_WARN_DEPRECATED_OBJC_IMPLEMENTATIONS = YES;
				CLANG_WARN_DIRECT_OBJC_ISA_USAGE = YES_ERROR;
				CLANG_WARN_DOCUMENTATION_COMMENTS = YES;
				CLANG_WARN_EMPTY_BODY = YES;
				CLANG_WARN_ENUM_CONVERSION = YES;
				CLANG_WARN_INFINITE_RECURSION = YES;
				CLANG_WARN_INT_CONVERSION = YES;
				CLANG_WARN_NON_LITERAL_NULL_CONVERSION = YES;
				CLANG_WARN_OBJC_IMPLICIT_RETAIN_SELF = YES;
				CLANG_WARN_OBJC_LITERAL_CONVERSION = YES;
				CLANG_WARN_OBJC_ROOT_CLASS = YES_ERROR;
				CLANG_WARN_RANGE_LOOP_ANALYSIS = YES;
				CLANG_WARN_STRICT_PROTOTYPES = YES;
				CLANG_WARN_SUSPICIOUS_MOVE = YES;
				CLANG_WARN_UNGUARDED_AVAILABILITY = YES_AGGRESSIVE;
				CLANG_WARN_UNREACHABLE_CODE = YES;
				CLANG_WARN__DUPLICATE_METHOD_MATCH = YES;
				CODE_SIGN_IDENTITY = "iPhone Developer";
				COPY_PHASE_STRIP = NO;
				DEBUG_INFORMATION_FORMAT = "dwarf-with-dsym";
				ENABLE_NS_ASSERTIONS = NO;
				ENABLE_STRICT_OBJC_MSGSEND = YES;
				GCC_C_LANGUAGE_STANDARD = gnu11;
				GCC_NO_COMMON_BLOCKS = YES;
				GCC_WARN_64_TO_32_BIT_CONVERSION = YES;
				GCC_WARN_ABOUT_RETURN_TYPE = YES_ERROR;
				GCC_WARN_UNDECLARED_SELECTOR = YES;
				GCC_WARN_UNINITIALIZED_AUTOS = YES_AGGRESSIVE;
				GCC_WARN_UNUSED_FUNCTION = YES;
				GCC_WARN_UNUSED_VARIABLE = YES;
				IPHONEOS_DEPLOYMENT_TARGET = 12.1;
				MTL_ENABLE_DEBUG_INFO = NO;
				MTL_FAST_MATH = YES;
				SDKROOT = iphoneos;
				SWIFT_COMPILATION_MODE = wholemodule;
				SWIFT_OPTIMIZATION_LEVEL = "-O";
				VALIDATE_PRODUCT = YES;
			};
			name = Release;
		};
		1E424A38226CD80000AFA493 /* Debug */ = {
			isa = XCBuildConfiguration;
			buildSettings = {
				ASSETCATALOG_COMPILER_APPICON_NAME = AppIcon;
				CODE_SIGN_STYLE = Automatic;
				DEVELOPMENT_TEAM = 52NL24LVW5;
				INFOPLIST_FILE = textToCode/Info.plist;
				LD_RUNPATH_SEARCH_PATHS = (
					"$(inherited)",
					"@executable_path/Frameworks",
				);
				PRODUCT_BUNDLE_IDENTIFIER = com.michael.textToCode;
				PRODUCT_NAME = "$(TARGET_NAME)";
				SWIFT_VERSION = 4.2;
				TARGETED_DEVICE_FAMILY = "1,2";
			};
			name = Debug;
		};
		1E424A39226CD80000AFA493 /* Release */ = {
			isa = XCBuildConfiguration;
			buildSettings = {
				ASSETCATALOG_COMPILER_APPICON_NAME = AppIcon;
				CODE_SIGN_STYLE = Automatic;
				DEVELOPMENT_TEAM = 52NL24LVW5;
				INFOPLIST_FILE = textToCode/Info.plist;
				LD_RUNPATH_SEARCH_PATHS = (
					"$(inherited)",
					"@executable_path/Frameworks",
				);
				PRODUCT_BUNDLE_IDENTIFIER = com.michael.textToCode;
				PRODUCT_NAME = "$(TARGET_NAME)";
				SWIFT_VERSION = 4.2;
				TARGETED_DEVICE_FAMILY = "1,2";
			};
			name = Release;
		};
/* End XCBuildConfiguration section */

/* Begin XCConfigurationList section */
		1E424A20226CD7FF00AFA493 /* Build configuration list for PBXProject "textToCode" */ = {
			isa = XCConfigurationList;
			buildConfigurations = (
				1E424A35226CD80000AFA493 /* Debug */,
				1E424A36226CD80000AFA493 /* Release */,
			);
			defaultConfigurationIsVisible = 0;
			defaultConfigurationName = Release;
		};
		1E424A37226CD80000AFA493 /* Build configuration list for PBXNativeTarget "textToCode" */ = {
			isa = XCConfigurationList;
			buildConfigurations = (
				1E424A38226CD80000AFA493 /* Debug */,
				1E424A39226CD80000AFA493 /* Release */,
			);
			defaultConfigurationIsVisible = 0;
			defaultConfigurationName = Release;
		};
/* End XCConfigurationList section */
	};
	rootObject = 1E424A1D226CD7FF00AFA493 /* Project object */;
}
